
Microsoft Visual Studio Solution File, Format Version 12.00
# Visual Studio Version 16
VisualStudioVersion = 16.0.31702.278
MinimumVisualStudioVersion = 10.0.40219.1
Project("{FAE04EC0-301F-11D3-BF4B-00C04F79EFBC}") = "PatikaDev_Ödev", "PatikaDev_Ödev.csproj", "{153EE852-04DF-4F51-84C6-A1513FB0AAF9}"
EndProject
Global
	GlobalSection(SolutionConfigurationPlatforms) = preSolution
		Debug|Any CPU = Debug|Any CPU
		Release|Any CPU = Release|Any CPU
	EndGlobalSection
	GlobalSection(ProjectConfigurationPlatforms) = postSolution
		{153EE852-04DF-4F51-84C6-A1513FB0AAF9}.Debug|Any CPU.ActiveCfg = Debug|Any CPU
		{153EE852-04DF-4F51-84C6-A1513FB0AAF9}.Debug|Any CPU.Build.0 = Debug|Any CPU
		{153EE852-04DF-4F51-84C6-A1513FB0AAF9}.Release|Any CPU.ActiveCfg = Release|Any CPU
		{153EE852-04DF-4F51-84C6-A1513FB0AAF9}.Release|Any CPU.Build.0 = Release|Any CPU
	EndGlobalSection
	GlobalSection(SolutionProperties) = preSolution
		HideSolutionNode = FALSE
	EndGlobalSection
	GlobalSection(ExtensibilityGlobals) = postSolution
		SolutionGuid = {517CAD63-8F56-4836-8A8A-2171E839A338}
	EndGlobalSection
EndGlobal
